
Microsoft Visual Studio Solution File, Format Version 12.00
# Visual Studio Version 17
VisualStudioVersion = 17.9.34607.119
MinimumVisualStudioVersion = 10.0.40219.1
Project("{FAE04EC0-301F-11D3-BF4B-00C04F79EFBC}") = "konst test 1", "konst test 1\konst test 1.csproj", "{48B50B64-2C60-46B7-86D0-1692E867ECC9}"
EndProject
Global
	GlobalSection(SolutionConfigurationPlatforms) = preSolution
		Debug|Any CPU = Debug|Any CPU
		Release|Any CPU = Release|Any CPU
	EndGlobalSection
	GlobalSection(ProjectConfigurationPlatforms) = postSolution
		{48B50B64-2C60-46B7-86D0-1692E867ECC9}.Debug|Any CPU.ActiveCfg = Debug|Any CPU
		{48B50B64-2C60-46B7-86D0-1692E867ECC9}.Debug|Any CPU.Build.0 = Debug|Any CPU
		{48B50B64-2C60-46B7-86D0-1692E867ECC9}.Release|Any CPU.ActiveCfg = Release|Any CPU
		{48B50B64-2C60-46B7-86D0-1692E867ECC9}.Release|Any CPU.Build.0 = Release|Any CPU
	EndGlobalSection
	GlobalSection(SolutionProperties) = preSolution
		HideSolutionNode = FALSE
	EndGlobalSection
	GlobalSection(ExtensibilityGlobals) = postSolution
		SolutionGuid = {EA641818-3610-4872-B0AC-E2DC81095D5A}
	EndGlobalSection
EndGlobal
